// !$*UTF8*$!
{
	archiveVersion = 1;
	classes = {
	};
	objectVersion = 54;
	objects = {

/* Begin PBXBuildFile section */
		28D0A5E12A1BADE73072956F /* MainView.swift in Sources */ = {isa = PBXBuildFile; fileRef = 9EDBE8D0E0D5CA331847C63E /* MainView.swift */; };
		87C6D394BEE69A6A50AAC7C0 /* ProximaDemoApp.swift in Sources */ = {isa = PBXBuildFile; fileRef = DB00CC13A38F7E144E415224 /* ProximaDemoApp.swift */; };
		9CE7B55CEC59231D04850A70 /* ProximaEmbeddings in Frameworks */ = {isa = PBXBuildFile; productRef = A6E94A3B60F222E53AFF9725 /* ProximaEmbeddings */; };
		B69BAD12EB39507060E9585C /* SearchEngine.swift in Sources */ = {isa = PBXBuildFile; fileRef = 0AF9253AE12C903144E3D926 /* SearchEngine.swift */; };
		B6B55D687D889E8A819342CB /* ProximaKit in Frameworks */ = {isa = PBXBuildFile; productRef = 714984572209900A5C8B4AF8 /* ProximaKit */; };
		C74F86241F7F4706BC442A82 /* SampleData.swift in Sources */ = {isa = PBXBuildFile; fileRef = B9661A24EC8151379196CA1C /* SampleData.swift */; };
/* End PBXBuildFile section */

/* Begin PBXFileReference section */
		00D8A11D44651676C50CBFDD /* ProximaDemoApp.app */ = {isa = PBXFileReference; explicitFileType = wrapper.application; includeInIndex = 0; path = ProximaDemoApp.app; sourceTree = BUILT_PRODUCTS_DIR; };
		0AF9253AE12C903144E3D926 /* SearchEngine.swift */ = {isa = PBXFileReference; lastKnownFileType = sourcecode.swift; path = SearchEngine.swift; sourceTree = "<group>"; };
		5E7D8D01839066DB001F6E3B /* ProximaKit */ = {isa = PBXFileReference; lastKnownFileType = folder; name = ProximaKit; path = ../..; sourceTree = SOURCE_ROOT; };
		9EDBE8D0E0D5CA331847C63E /* MainView.swift */ = {isa = PBXFileReference; lastKnownFileType = sourcecode.swift; path = MainView.swift; sourceTree = "<group>"; };
		B9661A24EC8151379196CA1C /* SampleData.swift */ = {isa = PBXFileReference; lastKnownFileType = sourcecode.swift; path = SampleData.swift; sourceTree = "<group>"; };
		DB00CC13A38F7E144E415224 /* ProximaDemoApp.swift */ = {isa = PBXFileReference; lastKnownFileType = sourcecode.swift; path = ProximaDemoApp.swift; sourceTree = "<group>"; };
/* End PBXFileReference section */

/* Begin PBXFrameworksBuildPhase section */
		43F2CB2F898D454C2B36F8ED /* Frameworks */ = {
			isa = PBXFrameworksBuildPhase;
			buildActionMask = 2147483647;
			files = (
				B6B55D687D889E8A819342CB /* ProximaKit in Frameworks */,
				9CE7B55CEC59231D04850A70 /* ProximaEmbeddings in Frameworks */,
			);
			runOnlyForDeploymentPostprocessing = 0;
		};
/* End PBXFrameworksBuildPhase section */

/* Begin PBXGroup section */
		0B0E2E8F4B314EF76B87C5F7 /* Packages */ = {
			isa = PBXGroup;
			children = (
				5E7D8D01839066DB001F6E3B /* ProximaKit */,
			);
			name = Packages;
			sourceTree = "<group>";
		};
		11CD6B27A7A207361F084E13 /* Products */ = {
			isa = PBXGroup;
			children = (
				00D8A11D44651676C50CBFDD /* ProximaDemoApp.app */,
			);
			name = Products;
			sourceTree = "<group>";
		};
		AC8635638B65B4F90A0F41C5 /* Sources */ = {
			isa = PBXGroup;
			children = (
				9EDBE8D0E0D5CA331847C63E /* MainView.swift */,
				DB00CC13A38F7E144E415224 /* ProximaDemoApp.swift */,
				B9661A24EC8151379196CA1C /* SampleData.swift */,
				0AF9253AE12C903144E3D926 /* SearchEngine.swift */,
			);
			path = Sources;
			sourceTree = "<group>";
		};
		DAE6692EB7A3B59E6F1F23B0 = {
			isa = PBXGroup;
			children = (
				0B0E2E8F4B314EF76B87C5F7 /* Packages */,
				AC8635638B65B4F90A0F41C5 /* Sources */,
				11CD6B27A7A207361F084E13 /* Products */,
			);
			sourceTree = "<group>";
		};
/* End PBXGroup section */

/* Begin PBXNativeTarget section */
		57B2AC06CABDF8704F013371 /* ProximaDemoApp */ = {
			isa = PBXNativeTarget;
			buildConfigurationList = 28590C76A5D9D7E71A3E9517 /* Build configuration list for PBXNativeTarget "ProximaDemoApp" */;
			buildPhases = (
				80C368E1DD285A011251970A /* Sources */,
				43F2CB2F898D454C2B36F8ED /* Frameworks */,
			);
			buildRules = (
			);
			dependencies = (
			);
			name = ProximaDemoApp;
			packageProductDependencies = (
				714984572209900A5C8B4AF8 /* ProximaKit */,
				A6E94A3B60F222E53AFF9725 /* ProximaEmbeddings */,
			);
			productName = ProximaDemoApp;
			productReference = 00D8A11D44651676C50CBFDD /* ProximaDemoApp.app */;
			productType = "com.apple.product-type.application";
		};
/* End PBXNativeTarget section */

/* Begin PBXProject section */
		989173DAF5986BBDB77CD1B4 /* Project object */ = {
			isa = PBXProject;
			attributes = {
				BuildIndependentTargetsInParallel = YES;
				LastUpgradeCheck = 1430;
				TargetAttributes = {
				};
			};
			buildConfigurationList = E15DE1D9297DCD7CA814A265 /* Build configuration list for PBXProject "ProximaDemoApp" */;
			compatibilityVersion = "Xcode 14.0";
			developmentRegion = en;
			hasScannedForEncodings = 0;
			knownRegions = (
				Base,
				en,
			);
			mainGroup = DAE6692EB7A3B59E6F1F23B0;
			minimizedProjectReferenceProxies = 1;
			packageReferences = (
				D790F8E9F2F109F1E38B33E9 /* XCLocalSwiftPackageReference "../..//" */,
			);
			preferredProjectObjectVersion = 54;
			projectDirPath = "";
			projectRoot = "";
			targets = (
				57B2AC06CABDF8704F013371 /* ProximaDemoApp */,
			);
		};
/* End PBXProject section */

/* Begin PBXSourcesBuildPhase section */
		80C368E1DD285A011251970A /* Sources */ = {
			isa = PBXSourcesBuildPhase;
			buildActionMask = 2147483647;
			files = (
				28D0A5E12A1BADE73072956F /* MainView.swift in Sources */,
				87C6D394BEE69A6A50AAC7C0 /* ProximaDemoApp.swift in Sources */,
				C74F86241F7F4706BC442A82 /* SampleData.swift in Sources */,
				B69BAD12EB39507060E9585C /* SearchEngine.swift in Sources */,
			);
			runOnlyForDeploymentPostprocessing = 0;
		};
/* End PBXSourcesBuildPhase section */

/* Begin XCBuildConfiguration section */
		31C299F038ABD3418635B13C /* Release */ = {
			isa = XCBuildConfiguration;
			buildSettings = {
				ALWAYS_SEARCH_USER_PATHS = NO;
				CLANG_ANALYZER_NONNULL = YES;
				CLANG_ANALYZER_NUMBER_OBJECT_CONVERSION = YES_AGGRESSIVE;
				CLANG_CXX_LANGUAGE_STANDARD = "gnu++14";
				CLANG_CXX_LIBRARY = "libc++";
				CLANG_ENABLE_MODULES = YES;
				CLANG_ENABLE_OBJC_ARC = YES;
				CLANG_ENABLE_OBJC_WEAK = YES;
				CLANG_WARN_BLOCK_CAPTURE_AUTORELEASING = YES;
				CLANG_WARN_BOOL_CONVERSION = YES;
				CLANG_WARN_COMMA = YES;
				CLANG_WARN_CONSTANT_CONVERSION = YES;
				CLANG_WARN_DEPRECATED_OBJC_IMPLEMENTATIONS = YES;
				CLANG_WARN_DIRECT_OBJC_ISA_USAGE = YES_ERROR;
				CLANG_WARN_DOCUMENTATION_COMMENTS = YES;
				CLANG_WARN_EMPTY_BODY = YES;
				CLANG_WARN_ENUM_CONVERSION = YES;
				CLANG_WARN_INFINITE_RECURSION = YES;
				CLANG_WARN_INT_CONVERSION = YES;
				CLANG_WARN_NON_LITERAL_NULL_CONVERSION = YES;
				CLANG_WARN_OBJC_IMPLICIT_RETAIN_SELF = YES;
				CLANG_WARN_OBJC_LITERAL_CONVERSION = YES;
				CLANG_WARN_OBJC_ROOT_CLASS = YES_ERROR;
				CLANG_WARN_QUOTED_INCLUDE_IN_FRAMEWORK_HEADER = YES;
				CLANG_WARN_RANGE_LOOP_ANALYSIS = YES;
				CLANG_WARN_STRICT_PROTOTYPES = YES;
				CLANG_WARN_SUSPICIOUS_MOVE = YES;
				CLANG_WARN_UNGUARDED_AVAILABILITY = YES_AGGRESSIVE;
				CLANG_WARN_UNREACHABLE_CODE = YES;
				CLANG_WARN__DUPLICATE_METHOD_MATCH = YES;
				COPY_PHASE_STRIP = NO;
				DEBUG_INFORMATION_FORMAT = "dwarf-with-dsym";
				ENABLE_NS_ASSERTIONS = NO;
				ENABLE_STRICT_OBJC_MSGSEND = YES;
				GCC_C_LANGUAGE_STANDARD = gnu11;
				GCC_NO_COMMON_BLOCKS = YES;
				GCC_WARN_64_TO_32_BIT_CONVERSION = YES;
				GCC_WARN_ABOUT_RETURN_TYPE = YES_ERROR;
				GCC_WARN_UNDECLARED_SELECTOR = YES;
				GCC_WARN_UNINITIALIZED_AUTOS = YES_AGGRESSIVE;
				GCC_WARN_UNUSED_FUNCTION = YES;
				GCC_WARN_UNUSED_VARIABLE = YES;
				MACOSX_DEPLOYMENT_TARGET = 14.0;
				MTL_ENABLE_DEBUG_INFO = NO;
				MTL_FAST_MATH = YES;
				PRODUCT_NAME = "$(TARGET_NAME)";
				SDKROOT = macosx;
				SWIFT_COMPILATION_MODE = wholemodule;
				SWIFT_OPTIMIZATION_LEVEL = "-O";
				SWIFT_VERSION = 5.0;
			};
			name = Release;
		};
		818191B429187600E5FFB687 /* Release */ = {
			isa = XCBuildConfiguration;
			buildSettings = {
				ASSETCATALOG_COMPILER_APPICON_NAME = AppIcon;
				COMBINE_HIDPI_IMAGES = YES;
				INFOPLIST_FILE = Info.plist;
				LD_RUNPATH_SEARCH_PATHS = (
					"$(inherited)",
					"@executable_path/../Frameworks",
				);
				PRODUCT_BUNDLE_IDENTIFIER = com.vivekptnk.ProximaDemoApp;
				SDKROOT = macosx;
				SWIFT_VERSION = 5.9;
			};
			name = Release;
		};
		9C792DFCC4072BF7FC461E6B /* Debug */ = {
			isa = XCBuildConfiguration;
			buildSettings = {
				ASSETCATALOG_COMPILER_APPICON_NAME = AppIcon;
				COMBINE_HIDPI_IMAGES = YES;
				INFOPLIST_FILE = Info.plist;
				LD_RUNPATH_SEARCH_PATHS = (
					"$(inherited)",
					"@executable_path/../Frameworks",
				);
				PRODUCT_BUNDLE_IDENTIFIER = com.vivekptnk.ProximaDemoApp;
				SDKROOT = macosx;
				SWIFT_VERSION = 5.9;
			};
			name = Debug;
		};
		AFCE57984C391D9AAF82E10B /* Debug */ = {
			isa = XCBuildConfiguration;
			buildSettings = {
				ALWAYS_SEARCH_USER_PATHS = NO;
				CLANG_ANALYZER_NONNULL = YES;
				CLANG_ANALYZER_NUMBER_OBJECT_CONVERSION = YES_AGGRESSIVE;
				CLANG_CXX_LANGUAGE_STANDARD = "gnu++14";
				CLANG_CXX_LIBRARY = "libc++";
				CLANG_ENABLE_MODULES = YES;
				CLANG_ENABLE_OBJC_ARC = YES;
				CLANG_ENABLE_OBJC_WEAK = YES;
				CLANG_WARN_BLOCK_CAPTURE_AUTORELEASING = YES;
				CLANG_WARN_BOOL_CONVERSION = YES;
				CLANG_WARN_COMMA = YES;
				CLANG_WARN_CONSTANT_CONVERSION = YES;
				CLANG_WARN_DEPRECATED_OBJC_IMPLEMENTATIONS = YES;
				CLANG_WARN_DIRECT_OBJC_ISA_USAGE = YES_ERROR;
				CLANG_WARN_DOCUMENTATION_COMMENTS = YES;
				CLANG_WARN_EMPTY_BODY = YES;
				CLANG_WARN_ENUM_CONVERSION = YES;
				CLANG_WARN_INFINITE_RECURSION = YES;
				CLANG_WARN_INT_CONVERSION = YES;
				CLANG_WARN_NON_LITERAL_NULL_CONVERSION = YES;
				CLANG_WARN_OBJC_IMPLICIT_RETAIN_SELF = YES;
				CLANG_WARN_OBJC_LITERAL_CONVERSION = YES;
				CLANG_WARN_OBJC_ROOT_CLASS = YES_ERROR;
				CLANG_WARN_QUOTED_INCLUDE_IN_FRAMEWORK_HEADER = YES;
				CLANG_WARN_RANGE_LOOP_ANALYSIS = YES;
				CLANG_WARN_STRICT_PROTOTYPES = YES;
				CLANG_WARN_SUSPICIOUS_MOVE = YES;
				CLANG_WARN_UNGUARDED_AVAILABILITY = YES_AGGRESSIVE;
				CLANG_WARN_UNREACHABLE_CODE = YES;
				CLANG_WARN__DUPLICATE_METHOD_MATCH = YES;
				COPY_PHASE_STRIP = NO;
				DEBUG_INFORMATION_FORMAT = dwarf;
				ENABLE_STRICT_OBJC_MSGSEND = YES;
				ENABLE_TESTABILITY = YES;
				GCC_C_LANGUAGE_STANDARD = gnu11;
				GCC_DYNAMIC_NO_PIC = NO;
				GCC_NO_COMMON_BLOCKS = YES;
				GCC_OPTIMIZATION_LEVEL = 0;
				GCC_PREPROCESSOR_DEFINITIONS = (
					"$(inherited)",
					"DEBUG=1",
				);
				GCC_WARN_64_TO_32_BIT_CONVERSION = YES;
				GCC_WARN_ABOUT_RETURN_TYPE = YES_ERROR;
				GCC_WARN_UNDECLARED_SELECTOR = YES;
				GCC_WARN_UNINITIALIZED_AUTOS = YES_AGGRESSIVE;
				GCC_WARN_UNUSED_FUNCTION = YES;
				GCC_WARN_UNUSED_VARIABLE = YES;
				MACOSX_DEPLOYMENT_TARGET = 14.0;
				MTL_ENABLE_DEBUG_INFO = INCLUDE_SOURCE;
				MTL_FAST_MATH = YES;
				ONLY_ACTIVE_ARCH = YES;
				PRODUCT_NAME = "$(TARGET_NAME)";
				SDKROOT = macosx;
				SWIFT_ACTIVE_COMPILATION_CONDITIONS = DEBUG;
				SWIFT_OPTIMIZATION_LEVEL = "-Onone";
				SWIFT_VERSION = 5.0;
			};
			name = Debug;
		};
/* End XCBuildConfiguration section */

/* Begin XCConfigurationList section */
		28590C76A5D9D7E71A3E9517 /* Build configuration list for PBXNativeTarget "ProximaDemoApp" */ = {
			isa = XCConfigurationList;
			buildConfigurations = (
				9C792DFCC4072BF7FC461E6B /* Debug */,
				818191B429187600E5FFB687 /* Release */,
			);
			defaultConfigurationIsVisible = 0;
			defaultConfigurationName = Debug;
		};
		E15DE1D9297DCD7CA814A265 /* Build configuration list for PBXProject "ProximaDemoApp" */ = {
			isa = XCConfigurationList;
			buildConfigurations = (
				AFCE57984C391D9AAF82E10B /* Debug */,
				31C299F038ABD3418635B13C /* Release */,
			);
			defaultConfigurationIsVisible = 0;
			defaultConfigurationName = Debug;
		};
/* End XCConfigurationList section */

/* Begin XCLocalSwiftPackageReference section */
		D790F8E9F2F109F1E38B33E9 /* XCLocalSwiftPackageReference "../..//" */ = {
			isa = XCLocalSwiftPackageReference;
			relativePath = "../..//";
		};
/* End XCLocalSwiftPackageReference section */

/* Begin XCSwiftPackageProductDependency section */
		714984572209900A5C8B4AF8 /* ProximaKit */ = {
			isa = XCSwiftPackageProductDependency;
			productName = ProximaKit;
		};
		A6E94A3B60F222E53AFF9725 /* ProximaEmbeddings */ = {
			isa = XCSwiftPackageProductDependency;
			productName = ProximaEmbeddings;
		};
/* End XCSwiftPackageProductDependency section */
	};
	rootObject = 989173DAF5986BBDB77CD1B4 /* Project object */;
}
